
Microsoft Visual Studio Solution File, Format Version 12.00
# Visual Studio Version 16
VisualStudioVersion = 16.0.32228.343
MinimumVisualStudioVersion = 10.0.40219.1
Project("{FAE04EC0-301F-11D3-BF4B-00C04F79EFBC}") = "ApiTest_NBA_10", "ApiTest_NBA_10\ApiTest_NBA_10.csproj", "{A256FCD6-D8F6-43E7-B857-CCFA226BF2DC}"
EndProject
Global
	GlobalSection(SolutionConfigurationPlatforms) = preSolution
		Debug|Any CPU = Debug|Any CPU
		Release|Any CPU = Release|Any CPU
	EndGlobalSection
	GlobalSection(ProjectConfigurationPlatforms) = postSolution
		{A256FCD6-D8F6-43E7-B857-CCFA226BF2DC}.Debug|Any CPU.ActiveCfg = Debug|Any CPU
		{A256FCD6-D8F6-43E7-B857-CCFA226BF2DC}.Debug|Any CPU.Build.0 = Debug|Any CPU
		{A256FCD6-D8F6-43E7-B857-CCFA226BF2DC}.Release|Any CPU.ActiveCfg = Release|Any CPU
		{A256FCD6-D8F6-43E7-B857-CCFA226BF2DC}.Release|Any CPU.Build.0 = Release|Any CPU
	EndGlobalSection
	GlobalSection(SolutionProperties) = preSolution
		HideSolutionNode = FALSE
	EndGlobalSection
	GlobalSection(ExtensibilityGlobals) = postSolution
		SolutionGuid = {3979ACB4-A48C-451B-AE4C-116159CA4343}
	EndGlobalSection
EndGlobal
